
Microsoft Visual Studio Solution File, Format Version 12.00
# Visual Studio 15
VisualStudioVersion = 15.0.28307.168
MinimumVisualStudioVersion = 10.0.40219.1
Project("{FAE04EC0-301F-11D3-BF4B-00C04F79EFBC}") = "UniversalReferenceDataEditor", "UniversalReferenceDataEditor.csproj", "{1570E99E-615E-4907-9F6A-B986DA32672B}"
EndProject
Global
	GlobalSection(SolutionConfigurationPlatforms) = preSolution
		Debug|Any CPU = Debug|Any CPU
		Release|Any CPU = Release|Any CPU
	EndGlobalSection
	GlobalSection(ProjectConfigurationPlatforms) = postSolution
		{1570E99E-615E-4907-9F6A-B986DA32672B}.Debug|Any CPU.ActiveCfg = Debug|Any CPU
		{1570E99E-615E-4907-9F6A-B986DA32672B}.Debug|Any CPU.Build.0 = Debug|Any CPU
		{1570E99E-615E-4907-9F6A-B986DA32672B}.Release|Any CPU.ActiveCfg = Release|Any CPU
		{1570E99E-615E-4907-9F6A-B986DA32672B}.Release|Any CPU.Build.0 = Release|Any CPU
	EndGlobalSection
	GlobalSection(SolutionProperties) = preSolution
		HideSolutionNode = FALSE
	EndGlobalSection
	GlobalSection(ExtensibilityGlobals) = postSolution
		SolutionGuid = {139CB5E2-EBD2-4AD2-8474-1B01287F391B}
	EndGlobalSection
EndGlobal
